
Microsoft Visual Studio Solution File, Format Version 12.00
# Visual Studio Version 17
VisualStudioVersion = 17.7.34031.279
MinimumVisualStudioVersion = 10.0.40219.1
Project("{FAE04EC0-301F-11D3-BF4B-00C04F79EFBC}") = "Asansör Uygulaması", "Asansör Uygulaması\Asansör Uygulaması.csproj", "{BF599BE1-7703-49D5-AC98-BE07F3C46B7A}"
EndProject
Global
	GlobalSection(SolutionConfigurationPlatforms) = preSolution
		Debug|Any CPU = Debug|Any CPU
		Release|Any CPU = Release|Any CPU
	EndGlobalSection
	GlobalSection(ProjectConfigurationPlatforms) = postSolution
		{BF599BE1-7703-49D5-AC98-BE07F3C46B7A}.Debug|Any CPU.ActiveCfg = Debug|Any CPU
		{BF599BE1-7703-49D5-AC98-BE07F3C46B7A}.Debug|Any CPU.Build.0 = Debug|Any CPU
		{BF599BE1-7703-49D5-AC98-BE07F3C46B7A}.Release|Any CPU.ActiveCfg = Release|Any CPU
		{BF599BE1-7703-49D5-AC98-BE07F3C46B7A}.Release|Any CPU.Build.0 = Release|Any CPU
	EndGlobalSection
	GlobalSection(SolutionProperties) = preSolution
		HideSolutionNode = FALSE
	EndGlobalSection
	GlobalSection(ExtensibilityGlobals) = postSolution
		SolutionGuid = {76D5A222-09A6-4919-A9FA-881A6E2FC276}
	EndGlobalSection
EndGlobal
